
Microsoft Visual Studio Solution File, Format Version 12.00
# Visual Studio Version 16
VisualStudioVersion = 16.0.32510.428
MinimumVisualStudioVersion = 10.0.40219.1
Project("{FAE04EC0-301F-11D3-BF4B-00C04F79EFBC}") = "WindowsFormsApp1", "WindowsFormsApp1\WindowsFormsApp1.csproj", "{57AE7CEB-21BD-4292-A3E4-45C9165E8672}"
EndProject
Project("{FAE04EC0-301F-11D3-BF4B-00C04F79EFBC}") = "Ping9719.MindeoScanner", "Ping9719.MindeoScanner\Ping9719.MindeoScanner.csproj", "{2A16EEF3-DFDA-4659-B330-EA0C95023715}"
EndProject
Global
	GlobalSection(SolutionConfigurationPlatforms) = preSolution
		Debug|Any CPU = Debug|Any CPU
		Release|Any CPU = Release|Any CPU
	EndGlobalSection
	GlobalSection(ProjectConfigurationPlatforms) = postSolution
		{57AE7CEB-21BD-4292-A3E4-45C9165E8672}.Debug|Any CPU.ActiveCfg = Debug|Any CPU
		{57AE7CEB-21BD-4292-A3E4-45C9165E8672}.Debug|Any CPU.Build.0 = Debug|Any CPU
		{57AE7CEB-21BD-4292-A3E4-45C9165E8672}.Release|Any CPU.ActiveCfg = Release|Any CPU
		{57AE7CEB-21BD-4292-A3E4-45C9165E8672}.Release|Any CPU.Build.0 = Release|Any CPU
		{2A16EEF3-DFDA-4659-B330-EA0C95023715}.Debug|Any CPU.ActiveCfg = Debug|Any CPU
		{2A16EEF3-DFDA-4659-B330-EA0C95023715}.Debug|Any CPU.Build.0 = Debug|Any CPU
		{2A16EEF3-DFDA-4659-B330-EA0C95023715}.Release|Any CPU.ActiveCfg = Release|Any CPU
		{2A16EEF3-DFDA-4659-B330-EA0C95023715}.Release|Any CPU.Build.0 = Release|Any CPU
	EndGlobalSection
	GlobalSection(SolutionProperties) = preSolution
		HideSolutionNode = FALSE
	EndGlobalSection
	GlobalSection(ExtensibilityGlobals) = postSolution
		SolutionGuid = {6F6B2D49-7539-45F5-B962-BDF9A80DB74C}
	EndGlobalSection
EndGlobal
